
Microsoft Visual Studio Solution File, Format Version 12.00
# Visual Studio Version 16
VisualStudioVersion = 25.0.1706.14
MinimumVisualStudioVersion = 10.0.40219.1
Project("{FAE04EC0-301F-11D3-BF4B-00C04F79EFBC}") = "Seminar5", "Seminar5\Seminar5.csproj", "{545D4559-3C10-498B-91CF-E32D39026140}"
EndProject
Global
	GlobalSection(SolutionConfigurationPlatforms) = preSolution
		Debug|Any CPU = Debug|Any CPU
		Release|Any CPU = Release|Any CPU
	EndGlobalSection
	GlobalSection(ProjectConfigurationPlatforms) = postSolution
		{545D4559-3C10-498B-91CF-E32D39026140}.Debug|Any CPU.ActiveCfg = Debug|Any CPU
		{545D4559-3C10-498B-91CF-E32D39026140}.Debug|Any CPU.Build.0 = Debug|Any CPU
		{545D4559-3C10-498B-91CF-E32D39026140}.Release|Any CPU.ActiveCfg = Release|Any CPU
		{545D4559-3C10-498B-91CF-E32D39026140}.Release|Any CPU.Build.0 = Release|Any CPU
	EndGlobalSection
	GlobalSection(SolutionProperties) = preSolution
		HideSolutionNode = FALSE
	EndGlobalSection
	GlobalSection(ExtensibilityGlobals) = postSolution
		SolutionGuid = {9B684467-CDF8-460A-9DD9-CA48C759C756}
	EndGlobalSection
EndGlobal
